Microsoft Visual Studio Solution File, Format Version 12.00
# Visual Studio Version 17
VisualStudioVersion = 17.5.2.0
MinimumVisualStudioVersion = 10.0.40219.1
Project("{FAE04EC0-301F-11D3-BF4B-00C04F79EFBC}") = "MeuprjetoGrpc", "MeuprjetoGrpc.csproj", "{E852E372-4706-BD31-B00A-0A5B15851A6B}"
EndProject
Global
	GlobalSection(SolutionConfigurationPlatforms) = preSolution
		Debug|Any CPU = Debug|Any CPU
		Release|Any CPU = Release|Any CPU
	EndGlobalSection
	GlobalSection(ProjectConfigurationPlatforms) = postSolution
		{E852E372-4706-BD31-B00A-0A5B15851A6B}.Debug|Any CPU.ActiveCfg = Debug|Any CPU
		{E852E372-4706-BD31-B00A-0A5B15851A6B}.Debug|Any CPU.Build.0 = Debug|Any CPU
		{E852E372-4706-BD31-B00A-0A5B15851A6B}.Release|Any CPU.ActiveCfg = Release|Any CPU
		{E852E372-4706-BD31-B00A-0A5B15851A6B}.Release|Any CPU.Build.0 = Release|Any CPU
	EndGlobalSection
	GlobalSection(SolutionProperties) = preSolution
		HideSolutionNode = FALSE
	EndGlobalSection
	GlobalSection(ExtensibilityGlobals) = postSolution
		SolutionGuid = {AF585EB7-05A7-4795-BDA7-8879BD5F5F5F}
	EndGlobalSection
EndGlobal
