Microsoft Visual Studio Solution File, Format Version 12.00
# Visual Studio Version 17
VisualStudioVersion = 17.5.2.0
MinimumVisualStudioVersion = 10.0.40219.1
Project("{FAE04EC0-301F-11D3-BF4B-00C04F79EFBC}") = "ServicoSOAP", "ServicoSOAP.csproj", "{9B3F3363-1FB9-1019-F9E0-197F9ACA9F3F}"
EndProject
Global
	GlobalSection(SolutionConfigurationPlatforms) = preSolution
		Debug|Any CPU = Debug|Any CPU
		Release|Any CPU = Release|Any CPU
	EndGlobalSection
	GlobalSection(ProjectConfigurationPlatforms) = postSolution
		{9B3F3363-1FB9-1019-F9E0-197F9ACA9F3F}.Debug|Any CPU.ActiveCfg = Debug|Any CPU
		{9B3F3363-1FB9-1019-F9E0-197F9ACA9F3F}.Debug|Any CPU.Build.0 = Debug|Any CPU
		{9B3F3363-1FB9-1019-F9E0-197F9ACA9F3F}.Release|Any CPU.ActiveCfg = Release|Any CPU
		{9B3F3363-1FB9-1019-F9E0-197F9ACA9F3F}.Release|Any CPU.Build.0 = Release|Any CPU
	EndGlobalSection
	GlobalSection(SolutionProperties) = preSolution
		HideSolutionNode = FALSE
	EndGlobalSection
	GlobalSection(ExtensibilityGlobals) = postSolution
		SolutionGuid = {C1DFEDAE-F156-44EF-B9F7-29D7FEC21417}
	EndGlobalSection
EndGlobal
